
Microsoft Visual Studio Solution File, Format Version 12.00
# Visual Studio Version 17
VisualStudioVersion = 17.3.32825.248
MinimumVisualStudioVersion = 10.0.40219.1
Project("{9A19103F-16F7-4668-BE54-9A1E7A4F7556}") = "completoOne", "completoOne\completoOne.csproj", "{DFB8952F-6154-426C-A6B3-7F400E95460D}"
EndProject
Project("{9A19103F-16F7-4668-BE54-9A1E7A4F7556}") = "AccesoDatos", "AccesoDatos\AccesoDatos.csproj", "{6E1C6C38-3503-4C15-B401-EACDBCCD5FD9}"
EndProject
Project("{9A19103F-16F7-4668-BE54-9A1E7A4F7556}") = "Modelos", "Modelos\Modelos.csproj", "{401A7562-3F77-4216-A1D4-BEDB478AA996}"
EndProject
Project("{9A19103F-16F7-4668-BE54-9A1E7A4F7556}") = "Utilidades", "Utilidades\Utilidades.csproj", "{27856352-02BA-4AB7-8995-71B66097A7C5}"
EndProject
Global
	GlobalSection(SolutionConfigurationPlatforms) = preSolution
		Debug|Any CPU = Debug|Any CPU
		Release|Any CPU = Release|Any CPU
	EndGlobalSection
	GlobalSection(ProjectConfigurationPlatforms) = postSolution
		{DFB8952F-6154-426C-A6B3-7F400E95460D}.Debug|Any CPU.ActiveCfg = Debug|Any CPU
		{DFB8952F-6154-426C-A6B3-7F400E95460D}.Debug|Any CPU.Build.0 = Debug|Any CPU
		{DFB8952F-6154-426C-A6B3-7F400E95460D}.Release|Any CPU.ActiveCfg = Release|Any CPU
		{DFB8952F-6154-426C-A6B3-7F400E95460D}.Release|Any CPU.Build.0 = Release|Any CPU
		{6E1C6C38-3503-4C15-B401-EACDBCCD5FD9}.Debug|Any CPU.ActiveCfg = Debug|Any CPU
		{6E1C6C38-3503-4C15-B401-EACDBCCD5FD9}.Debug|Any CPU.Build.0 = Debug|Any CPU
		{6E1C6C38-3503-4C15-B401-EACDBCCD5FD9}.Release|Any CPU.ActiveCfg = Release|Any CPU
		{6E1C6C38-3503-4C15-B401-EACDBCCD5FD9}.Release|Any CPU.Build.0 = Release|Any CPU
		{401A7562-3F77-4216-A1D4-BEDB478AA996}.Debug|Any CPU.ActiveCfg = Debug|Any CPU
		{401A7562-3F77-4216-A1D4-BEDB478AA996}.Debug|Any CPU.Build.0 = Debug|Any CPU
		{401A7562-3F77-4216-A1D4-BEDB478AA996}.Release|Any CPU.ActiveCfg = Release|Any CPU
		{401A7562-3F77-4216-A1D4-BEDB478AA996}.Release|Any CPU.Build.0 = Release|Any CPU
		{27856352-02BA-4AB7-8995-71B66097A7C5}.Debug|Any CPU.ActiveCfg = Debug|Any CPU
		{27856352-02BA-4AB7-8995-71B66097A7C5}.Debug|Any CPU.Build.0 = Debug|Any CPU
		{27856352-02BA-4AB7-8995-71B66097A7C5}.Release|Any CPU.ActiveCfg = Release|Any CPU
		{27856352-02BA-4AB7-8995-71B66097A7C5}.Release|Any CPU.Build.0 = Release|Any CPU
	EndGlobalSection
	GlobalSection(SolutionProperties) = preSolution
		HideSolutionNode = FALSE
	EndGlobalSection
	GlobalSection(ExtensibilityGlobals) = postSolution
		SolutionGuid = {30B40473-8EA1-4B34-9E2B-83AB9B4FFFD5}
	EndGlobalSection
EndGlobal
